
Microsoft Visual Studio Solution File, Format Version 12.00
# Visual Studio Version 16
VisualStudioVersion = 16.0.30611.23
MinimumVisualStudioVersion = 10.0.40219.1
Project("{9A19103F-16F7-4668-BE54-9A1E7A4F7556}") = "StudentData.Api", "StudentData\StudentData.Api.csproj", "{9B27871C-1BF9-444E-8823-035139459D5E}"
EndProject
Project("{00D1A9C2-B5F0-4AF3-8072-F6C62B433612}") = "StudentData.DataBase", "StudentData.DataBase\StudentData.DataBase.sqlproj", "{593A2741-3665-4171-BF9B-0822EEBFD2CA}"
EndProject
Project("{2150E333-8FDC-42A3-9474-1A3956D46DE8}") = "Domain", "Domain", "{8C67EE1F-C62B-4687-904B-FA321A2B7896}"
EndProject
Project("{9A19103F-16F7-4668-BE54-9A1E7A4F7556}") = "StudentData.Domain.Core", "StudentData.Domain.Core\StudentData.Domain.Core.csproj", "{E839AE1B-44E0-450A-9203-900E2607CC44}"
EndProject
Project("{9A19103F-16F7-4668-BE54-9A1E7A4F7556}") = "StudentData.Domain.Interfaces", "StudentData.Domain.Interfaces\StudentData.Domain.Interfaces.csproj", "{8F7D8B9C-2D66-49E6-8D5E-F589B1F4E6C1}"
EndProject
Project("{2150E333-8FDC-42A3-9474-1A3956D46DE8}") = "Services", "Services", "{91D560FF-B43F-450D-BD1D-11C9610BEDA3}"
EndProject
Project("{9A19103F-16F7-4668-BE54-9A1E7A4F7556}") = "StudentData.Services.Interfaces", "StudentData.Services.Interfaces\StudentData.Services.Interfaces.csproj", "{69D92282-5CAA-46A9-B4D7-8932247652DB}"
EndProject
Project("{2150E333-8FDC-42A3-9474-1A3956D46DE8}") = "Infrastructure", "Infrastructure", "{453C09B7-7473-498A-B37F-832B80953DD4}"
EndProject
Project("{9A19103F-16F7-4668-BE54-9A1E7A4F7556}") = "StudentData.Infrastructure.Data", "StudentData.Infrastructure.Data\StudentData.Infrastructure.Data.csproj", "{AF97ADCE-1F6F-4EF0-A33F-3C23DC54A857}"
EndProject
Project("{FAE04EC0-301F-11D3-BF4B-00C04F79EFBC}") = "StudentData.Infrastructure.Business", "StudentData.Infrastructure.Business\StudentData.Infrastructure.Business.csproj", "{24E3B162-7D81-4A73-ABB6-E772374BD15A}"
EndProject
Global
	GlobalSection(SolutionConfigurationPlatforms) = preSolution
		Debug|Any CPU = Debug|Any CPU
		Release|Any CPU = Release|Any CPU
	EndGlobalSection
	GlobalSection(ProjectConfigurationPlatforms) = postSolution
		{9B27871C-1BF9-444E-8823-035139459D5E}.Debug|Any CPU.ActiveCfg = Debug|Any CPU
		{9B27871C-1BF9-444E-8823-035139459D5E}.Debug|Any CPU.Build.0 = Debug|Any CPU
		{9B27871C-1BF9-444E-8823-035139459D5E}.Release|Any CPU.ActiveCfg = Release|Any CPU
		{9B27871C-1BF9-444E-8823-035139459D5E}.Release|Any CPU.Build.0 = Release|Any CPU
		{593A2741-3665-4171-BF9B-0822EEBFD2CA}.Debug|Any CPU.ActiveCfg = Debug|Any CPU
		{593A2741-3665-4171-BF9B-0822EEBFD2CA}.Debug|Any CPU.Build.0 = Debug|Any CPU
		{593A2741-3665-4171-BF9B-0822EEBFD2CA}.Debug|Any CPU.Deploy.0 = Debug|Any CPU
		{593A2741-3665-4171-BF9B-0822EEBFD2CA}.Release|Any CPU.ActiveCfg = Release|Any CPU
		{593A2741-3665-4171-BF9B-0822EEBFD2CA}.Release|Any CPU.Build.0 = Release|Any CPU
		{593A2741-3665-4171-BF9B-0822EEBFD2CA}.Release|Any CPU.Deploy.0 = Release|Any CPU
		{E839AE1B-44E0-450A-9203-900E2607CC44}.Debug|Any CPU.ActiveCfg = Debug|Any CPU
		{E839AE1B-44E0-450A-9203-900E2607CC44}.Debug|Any CPU.Build.0 = Debug|Any CPU
		{E839AE1B-44E0-450A-9203-900E2607CC44}.Release|Any CPU.ActiveCfg = Release|Any CPU
		{E839AE1B-44E0-450A-9203-900E2607CC44}.Release|Any CPU.Build.0 = Release|Any CPU
		{8F7D8B9C-2D66-49E6-8D5E-F589B1F4E6C1}.Debug|Any CPU.ActiveCfg = Debug|Any CPU
		{8F7D8B9C-2D66-49E6-8D5E-F589B1F4E6C1}.Debug|Any CPU.Build.0 = Debug|Any CPU
		{8F7D8B9C-2D66-49E6-8D5E-F589B1F4E6C1}.Release|Any CPU.ActiveCfg = Release|Any CPU
		{8F7D8B9C-2D66-49E6-8D5E-F589B1F4E6C1}.Release|Any CPU.Build.0 = Release|Any CPU
		{69D92282-5CAA-46A9-B4D7-8932247652DB}.Debug|Any CPU.ActiveCfg = Debug|Any CPU
		{69D92282-5CAA-46A9-B4D7-8932247652DB}.Debug|Any CPU.Build.0 = Debug|Any CPU
		{69D92282-5CAA-46A9-B4D7-8932247652DB}.Release|Any CPU.ActiveCfg = Release|Any CPU
		{69D92282-5CAA-46A9-B4D7-8932247652DB}.Release|Any CPU.Build.0 = Release|Any CPU
		{AF97ADCE-1F6F-4EF0-A33F-3C23DC54A857}.Debug|Any CPU.ActiveCfg = Debug|Any CPU
		{AF97ADCE-1F6F-4EF0-A33F-3C23DC54A857}.Debug|Any CPU.Build.0 = Debug|Any CPU
		{AF97ADCE-1F6F-4EF0-A33F-3C23DC54A857}.Release|Any CPU.ActiveCfg = Release|Any CPU
		{AF97ADCE-1F6F-4EF0-A33F-3C23DC54A857}.Release|Any CPU.Build.0 = Release|Any CPU
		{24E3B162-7D81-4A73-ABB6-E772374BD15A}.Debug|Any CPU.ActiveCfg = Debug|Any CPU
		{24E3B162-7D81-4A73-ABB6-E772374BD15A}.Debug|Any CPU.Build.0 = Debug|Any CPU
		{24E3B162-7D81-4A73-ABB6-E772374BD15A}.Release|Any CPU.ActiveCfg = Release|Any CPU
		{24E3B162-7D81-4A73-ABB6-E772374BD15A}.Release|Any CPU.Build.0 = Release|Any CPU
	EndGlobalSection
	GlobalSection(SolutionProperties) = preSolution
		HideSolutionNode = FALSE
	EndGlobalSection
	GlobalSection(NestedProjects) = preSolution
		{E839AE1B-44E0-450A-9203-900E2607CC44} = {8C67EE1F-C62B-4687-904B-FA321A2B7896}
		{8F7D8B9C-2D66-49E6-8D5E-F589B1F4E6C1} = {8C67EE1F-C62B-4687-904B-FA321A2B7896}
		{69D92282-5CAA-46A9-B4D7-8932247652DB} = {91D560FF-B43F-450D-BD1D-11C9610BEDA3}
		{AF97ADCE-1F6F-4EF0-A33F-3C23DC54A857} = {453C09B7-7473-498A-B37F-832B80953DD4}
		{24E3B162-7D81-4A73-ABB6-E772374BD15A} = {453C09B7-7473-498A-B37F-832B80953DD4}
	EndGlobalSection
	GlobalSection(ExtensibilityGlobals) = postSolution
		SolutionGuid = {7191EA19-27E6-48A5-91A6-D45C2E3F5D4B}
	EndGlobalSection
EndGlobal
